// !$*UTF8*$!
{
	archiveVersion = 1;
	classes = {
	};
	objectVersion = 46;
	objects = {

/* Begin PBXBuildFile section */
		D03A2055194C90B500671A50 /* AppDelegate.swift in Sources */ = {isa = PBXBuildFile; fileRef = D03A2054194C90B500671A50 /* AppDelegate.swift */; };
		D03A2057194C90B500671A50 /* ViewController.swift in Sources */ = {isa = PBXBuildFile; fileRef = D03A2056194C90B500671A50 /* ViewController.swift */; };
		D03A205A194C90B500671A50 /* Main.storyboard in Resources */ = {isa = PBXBuildFile; fileRef = D03A2058194C90B500671A50 /* Main.storyboard */; };
		D03A205C194C90B500671A50 /* Images.xcassets in Resources */ = {isa = PBXBuildFile; fileRef = D03A205B194C90B500671A50 /* Images.xcassets */; };
		D03A2068194C90B500671A50 /* SwiftMorseCodeKeyboardTests.swift in Sources */ = {isa = PBXBuildFile; fileRef = D03A2067194C90B500671A50 /* SwiftMorseCodeKeyboardTests.swift */; };
		D03A207A194C90F600671A50 /* KeyboardViewController.swift in Sources */ = {isa = PBXBuildFile; fileRef = D03A2079194C90F600671A50 /* KeyboardViewController.swift */; };
		D03A207D194C90F600671A50 /* cz.petrzvonicek.SwiftMorseCodeKeyboard.Morse-Code-Keyboard.appex in Embed App Extensions */ = {isa = PBXBuildFile; fileRef = D03A2075194C90F600671A50 /* cz.petrzvonicek.SwiftMorseCodeKeyboard.Morse-Code-Keyboard.appex */; };
		D0A2C530194CD12F00640224 /* KeyButton.swift in Sources */ = {isa = PBXBuildFile; fileRef = D0A2C52F194CD12F00640224 /* KeyButton.swift */; };
		D0A2C532194CE54400640224 /* MorseConverter.swift in Sources */ = {isa = PBXBuildFile; fileRef = D0A2C531194CE54400640224 /* MorseConverter.swift */; };
/* End PBXBuildFile section */

/* Begin PBXContainerItemProxy section */
		D03A2062194C90B500671A50 /* PBXContainerItemProxy */ = {
			isa = PBXContainerItemProxy;
			containerPortal = D03A2047194C90B400671A50 /* Project object */;
			proxyType = 1;
			remoteGlobalIDString = D03A204E194C90B400671A50;
			remoteInfo = SwiftMorseCodeKeyboard;
		};
		D03A207B194C90F600671A50 /* PBXContainerItemProxy */ = {
			isa = PBXContainerItemProxy;
			containerPortal = D03A2047194C90B400671A50 /* Project object */;
			proxyType = 1;
			remoteGlobalIDString = D03A2074194C90F600671A50;
			remoteInfo = "Morse Code Keyboard";
		};
		D03A207E194C90F600671A50 /* PBXContainerItemProxy */ = {
			isa = PBXContainerItemProxy;
			containerPortal = D03A2047194C90B400671A50 /* Project object */;
			proxyType = 1;
			remoteGlobalIDString = D03A2074194C90F600671A50;
			remoteInfo = "Morse Code Keyboard";
		};
/* End PBXContainerItemProxy section */

/* Begin PBXCopyFilesBuildPhase section */
		D03A2083194C90F600671A50 /* Embed App Extensions */ = {
			isa = PBXCopyFilesBuildPhase;
			buildActionMask = 2147483647;
			dstPath = "";
			dstSubfolderSpec = 13;
			files = (
				D03A207D194C90F600671A50 /* cz.petrzvonicek.SwiftMorseCodeKeyboard.Morse-Code-Keyboard.appex in Embed App Extensions */,
			);
			name = "Embed App Extensions";
			runOnlyForDeploymentPostprocessing = 0;
		};
/* End PBXCopyFilesBuildPhase section */

/* Begin PBXFileReference section */
		D03A204F194C90B400671A50 /* SwiftMorseCodeKeyboard.app */ = {isa = PBXFileReference; explicitFileType = wrapper.application; includeInIndex = 0; path = SwiftMorseCodeKeyboard.app; sourceTree = BUILT_PRODUCTS_DIR; };
		D03A2053194C90B500671A50 /* Info.plist */ = {isa = PBXFileReference; lastKnownFileType = text.plist.xml; path = Info.plist; sourceTree = "<group>"; };
		D03A2054194C90B500671A50 /* AppDelegate.swift */ = {isa = PBXFileReference; lastKnownFileType = sourcecode.swift; path = AppDelegate.swift; sourceTree = "<group>"; };
		D03A2056194C90B500671A50 /* ViewController.swift */ = {isa = PBXFileReference; lastKnownFileType = sourcecode.swift; path = ViewController.swift; sourceTree = "<group>"; };
		D03A2059194C90B500671A50 /* Base */ = {isa = PBXFileReference; lastKnownFileType = file.storyboard; name = Base; path = Base.lproj/Main.storyboard; sourceTree = "<group>"; };
		D03A205B194C90B500671A50 /* Images.xcassets */ = {isa = PBXFileReference; lastKnownFileType = folder.assetcatalog; path = Images.xcassets; sourceTree = "<group>"; };
		D03A2061194C90B500671A50 /* SwiftMorseCodeKeyboardTests.xctest */ = {isa = PBXFileReference; explicitFileType = wrapper.cfbundle; includeInIndex = 0; path = SwiftMorseCodeKeyboardTests.xctest; sourceTree = BUILT_PRODUCTS_DIR; };
		D03A2066194C90B500671A50 /* Info.plist */ = {isa = PBXFileReference; lastKnownFileType = text.plist.xml; path = Info.plist; sourceTree = "<group>"; };
		D03A2067194C90B500671A50 /* SwiftMorseCodeKeyboardTests.swift */ = {isa = PBXFileReference; lastKnownFileType = sourcecode.swift; path = SwiftMorseCodeKeyboardTests.swift; sourceTree = "<group>"; };
		D03A2075194C90F600671A50 /* cz.petrzvonicek.SwiftMorseCodeKeyboard.Morse-Code-Keyboard.appex */ = {isa = PBXFileReference; explicitFileType = "wrapper.app-extension"; includeInIndex = 0; path = "cz.petrzvonicek.SwiftMorseCodeKeyboard.Morse-Code-Keyboard.appex"; sourceTree = BUILT_PRODUCTS_DIR; };
		D03A2078194C90F600671A50 /* Info.plist */ = {isa = PBXFileReference; lastKnownFileType = text.plist.xml; path = Info.plist; sourceTree = "<group>"; };
		D03A2079194C90F600671A50 /* KeyboardViewController.swift */ = {isa = PBXFileReference; lastKnownFileType = sourcecode.swift; path = KeyboardViewController.swift; sourceTree = "<group>"; };
		D0A2C52F194CD12F00640224 /* KeyButton.swift */ = {isa = PBXFileReference; fileEncoding = 4; lastKnownFileType = sourcecode.swift; path = KeyButton.swift; sourceTree = "<group>"; };
		D0A2C531194CE54400640224 /* MorseConverter.swift */ = {isa = PBXFileReference; fileEncoding = 4; lastKnownFileType = sourcecode.swift; path = MorseConverter.swift; sourceTree = "<group>"; };
/* End PBXFileReference section */

/* Begin PBXFrameworksBuildPhase section */
		D03A204C194C90B400671A50 /* Frameworks */ = {
			isa = PBXFrameworksBuildPhase;
			buildActionMask = 2147483647;
			files = (
			);
			runOnlyForDeploymentPostprocessing = 0;
		};
		D03A205E194C90B500671A50 /* Frameworks */ = {
			isa = PBXFrameworksBuildPhase;
			buildActionMask = 2147483647;
			files = (
			);
			runOnlyForDeploymentPostprocessing = 0;
		};
		D03A2072194C90F600671A50 /* Frameworks */ = {
			isa = PBXFrameworksBuildPhase;
			buildActionMask = 2147483647;
			files = (
			);
			runOnlyForDeploymentPostprocessing = 0;
		};
/* End PBXFrameworksBuildPhase section */

/* Begin PBXGroup section */
		D03A2046194C90B400671A50 = {
			isa = PBXGroup;
			children = (
				D03A2051194C90B400671A50 /* SwiftMorseCodeKeyboard */,
				D03A2064194C90B500671A50 /* SwiftMorseCodeKeyboardTests */,
				D03A2076194C90F600671A50 /* Morse Code Keyboard */,
				D03A2050194C90B400671A50 /* Products */,
			);
			sourceTree = "<group>";
		};
		D03A2050194C90B400671A50 /* Products */ = {
			isa = PBXGroup;
			children = (
				D03A204F194C90B400671A50 /* SwiftMorseCodeKeyboard.app */,
				D03A2061194C90B500671A50 /* SwiftMorseCodeKeyboardTests.xctest */,
				D03A2075194C90F600671A50 /* cz.petrzvonicek.SwiftMorseCodeKeyboard.Morse-Code-Keyboard.appex */,
			);
			name = Products;
			sourceTree = "<group>";
		};
		D03A2051194C90B400671A50 /* SwiftMorseCodeKeyboard */ = {
			isa = PBXGroup;
			children = (
				D03A2054194C90B500671A50 /* AppDelegate.swift */,
				D03A2056194C90B500671A50 /* ViewController.swift */,
				D03A2058194C90B500671A50 /* Main.storyboard */,
				D03A205B194C90B500671A50 /* Images.xcassets */,
				D03A2052194C90B500671A50 /* Supporting Files */,
			);
			path = SwiftMorseCodeKeyboard;
			sourceTree = "<group>";
		};
		D03A2052194C90B500671A50 /* Supporting Files */ = {
			isa = PBXGroup;
			children = (
				D03A2053194C90B500671A50 /* Info.plist */,
			);
			name = "Supporting Files";
			sourceTree = "<group>";
		};
		D03A2064194C90B500671A50 /* SwiftMorseCodeKeyboardTests */ = {
			isa = PBXGroup;
			children = (
				D03A2067194C90B500671A50 /* SwiftMorseCodeKeyboardTests.swift */,
				D03A2065194C90B500671A50 /* Supporting Files */,
			);
			path = SwiftMorseCodeKeyboardTests;
			sourceTree = "<group>";
		};
		D03A2065194C90B500671A50 /* Supporting Files */ = {
			isa = PBXGroup;
			children = (
				D03A2066194C90B500671A50 /* Info.plist */,
			);
			name = "Supporting Files";
			sourceTree = "<group>";
		};
		D03A2076194C90F600671A50 /* Morse Code Keyboard */ = {
			isa = PBXGroup;
			children = (
				D0A2C52F194CD12F00640224 /* KeyButton.swift */,
				D03A2079194C90F600671A50 /* KeyboardViewController.swift */,
				D0A2C531194CE54400640224 /* MorseConverter.swift */,
				D03A2077194C90F600671A50 /* Supporting Files */,
			);
			path = "Morse Code Keyboard";
			sourceTree = "<group>";
		};
		D03A2077194C90F600671A50 /* Supporting Files */ = {
			isa = PBXGroup;
			children = (
				D03A2078194C90F600671A50 /* Info.plist */,
			);
			name = "Supporting Files";
			sourceTree = "<group>";
		};
/* End PBXGroup section */

/* Begin PBXNativeTarget section */
		D03A204E194C90B400671A50 /* SwiftMorseCodeKeyboard */ = {
			isa = PBXNativeTarget;
			buildConfigurationList = D03A206B194C90B500671A50 /* Build configuration list for PBXNativeTarget "SwiftMorseCodeKeyboard" */;
			buildPhases = (
				D03A204B194C90B400671A50 /* Sources */,
				D03A204C194C90B400671A50 /* Frameworks */,
				D03A204D194C90B400671A50 /* Resources */,
				D03A2083194C90F600671A50 /* Embed App Extensions */,
			);
			buildRules = (
			);
			dependencies = (
				D03A207C194C90F600671A50 /* PBXTargetDependency */,
				D03A207F194C90F600671A50 /* PBXTargetDependency */,
			);
			name = SwiftMorseCodeKeyboard;
			productName = SwiftMorseCodeKeyboard;
			productReference = D03A204F194C90B400671A50 /* SwiftMorseCodeKeyboard.app */;
			productType = "com.apple.product-type.application";
		};
		D03A2060194C90B500671A50 /* SwiftMorseCodeKeyboardTests */ = {
			isa = PBXNativeTarget;
			buildConfigurationList = D03A206E194C90B500671A50 /* Build configuration list for PBXNativeTarget "SwiftMorseCodeKeyboardTests" */;
			buildPhases = (
				D03A205D194C90B500671A50 /* Sources */,
				D03A205E194C90B500671A50 /* Frameworks */,
				D03A205F194C90B500671A50 /* Resources */,
			);
			buildRules = (
			);
			dependencies = (
				D03A2063194C90B500671A50 /* PBXTargetDependency */,
			);
			name = SwiftMorseCodeKeyboardTests;
			productName = SwiftMorseCodeKeyboardTests;
			productReference = D03A2061194C90B500671A50 /* SwiftMorseCodeKeyboardTests.xctest */;
			productType = "com.apple.product-type.bundle.unit-test";
		};
		D03A2074194C90F600671A50 /* Morse Code Keyboard */ = {
			isa = PBXNativeTarget;
			buildConfigurationList = D03A2080194C90F600671A50 /* Build configuration list for PBXNativeTarget "Morse Code Keyboard" */;
			buildPhases = (
				D03A2071194C90F600671A50 /* Sources */,
				D03A2072194C90F600671A50 /* Frameworks */,
				D03A2073194C90F600671A50 /* Resources */,
			);
			buildRules = (
			);
			dependencies = (
			);
			name = "Morse Code Keyboard";
			productName = "Morse Code Keyboard";
			productReference = D03A2075194C90F600671A50 /* cz.petrzvonicek.SwiftMorseCodeKeyboard.Morse-Code-Keyboard.appex */;
			productType = "com.apple.product-type.app-extension";
		};
/* End PBXNativeTarget section */

/* Begin PBXProject section */
		D03A2047194C90B400671A50 /* Project object */ = {
			isa = PBXProject;
			attributes = {
				LastSwiftMigration = 0710;
				LastSwiftUpdateCheck = 0710;
				LastUpgradeCheck = 0710;
				ORGANIZATIONNAME = "Petr Zvoníček";
				TargetAttributes = {
					D03A204E194C90B400671A50 = {
						CreatedOnToolsVersion = 6.0;
					};
					D03A2060194C90B500671A50 = {
						CreatedOnToolsVersion = 6.0;
						TestTargetID = D03A204E194C90B400671A50;
					};
					D03A2074194C90F600671A50 = {
						CreatedOnToolsVersion = 6.0;
					};
				};
			};
			buildConfigurationList = D03A204A194C90B400671A50 /* Build configuration list for PBXProject "SwiftMorseCodeKeyboard" */;
			compatibilityVersion = "Xcode 3.2";
			developmentRegion = English;
			hasScannedForEncodings = 0;
			knownRegions = (
				en,
				Base,
			);
			mainGroup = D03A2046194C90B400671A50;
			productRefGroup = D03A2050194C90B400671A50 /* Products */;
			projectDirPath = "";
			projectRoot = "";
			targets = (
				D03A204E194C90B400671A50 /* SwiftMorseCodeKeyboard */,
				D03A2060194C90B500671A50 /* SwiftMorseCodeKeyboardTests */,
				D03A2074194C90F600671A50 /* Morse Code Keyboard */,
			);
		};
/* End PBXProject section */

/* Begin PBXResourcesBuildPhase section */
		D03A204D194C90B400671A50 /* Resources */ = {
			isa = PBXResourcesBuildPhase;
			buildActionMask = 2147483647;
			files = (
				D03A205A194C90B500671A50 /* Main.storyboard in Resources */,
				D03A205C194C90B500671A50 /* Images.xcassets in Resources */,
			);
			runOnlyForDeploymentPostprocessing = 0;
		};
		D03A205F194C90B500671A50 /* Resources */ = {
			isa = PBXResourcesBuildPhase;
			buildActionMask = 2147483647;
			files = (
			);
			runOnlyForDeploymentPostprocessing = 0;
		};
		D03A2073194C90F600671A50 /* Resources */ = {
			isa = PBXResourcesBuildPhase;
			buildActionMask = 2147483647;
			files = (
			);
			runOnlyForDeploymentPostprocessing = 0;
		};
/* End PBXResourcesBuildPhase section */

/* Begin PBXSourcesBuildPhase section */
		D03A204B194C90B400671A50 /* Sources */ = {
			isa = PBXSourcesBuildPhase;
			buildActionMask = 2147483647;
			files = (
				D03A2057194C90B500671A50 /* ViewController.swift in Sources */,
				D03A2055194C90B500671A50 /* AppDelegate.swift in Sources */,
			);
			runOnlyForDeploymentPostprocessing = 0;
		};
		D03A205D194C90B500671A50 /* Sources */ = {
			isa = PBXSourcesBuildPhase;
			buildActionMask = 2147483647;
			files = (
				D03A2068194C90B500671A50 /* SwiftMorseCodeKeyboardTests.swift in Sources */,
			);
			runOnlyForDeploymentPostprocessing = 0;
		};
		D03A2071194C90F600671A50 /* Sources */ = {
			isa = PBXSourcesBuildPhase;
			buildActionMask = 2147483647;
			files = (
				D0A2C532194CE54400640224 /* MorseConverter.swift in Sources */,
				D03A207A194C90F600671A50 /* KeyboardViewController.swift in Sources */,
				D0A2C530194CD12F00640224 /* KeyButton.swift in Sources */,
			);
			runOnlyForDeploymentPostprocessing = 0;
		};
/* End PBXSourcesBuildPhase section */

/* Begin PBXTargetDependency section */
		D03A2063194C90B500671A50 /* PBXTargetDependency */ = {
			isa = PBXTargetDependency;
			target = D03A204E194C90B400671A50 /* SwiftMorseCodeKeyboard */;
			targetProxy = D03A2062194C90B500671A50 /* PBXContainerItemProxy */;
		};
		D03A207C194C90F600671A50 /* PBXTargetDependency */ = {
			isa = PBXTargetDependency;
			target = D03A2074194C90F600671A50 /* Morse Code Keyboard */;
			targetProxy = D03A207B194C90F600671A50 /* PBXContainerItemProxy */;
		};
		D03A207F194C90F600671A50 /* PBXTargetDependency */ = {
			isa = PBXTargetDependency;
			target = D03A2074194C90F600671A50 /* Morse Code Keyboard */;
			targetProxy = D03A207E194C90F600671A50 /* PBXContainerItemProxy */;
		};
/* End PBXTargetDependency section */

/* Begin PBXVariantGroup section */
		D03A2058194C90B500671A50 /* Main.storyboard */ = {
			isa = PBXVariantGroup;
			children = (
				D03A2059194C90B500671A50 /* Base */,
			);
			name = Main.storyboard;
			sourceTree = "<group>";
		};
/* End PBXVariantGroup section */

/* Begin XCBuildConfiguration section */
		D03A2069194C90B500671A50 /* Debug */ = {
			isa = XCBuildConfiguration;
			buildSettings = {
				ALWAYS_SEARCH_USER_PATHS = NO;
				CLANG_CXX_LANGUAGE_STANDARD = "gnu++0x";
				CLANG_CXX_LIBRARY = "libc++";
				CLANG_ENABLE_MODULES = YES;
				CLANG_ENABLE_OBJC_ARC = YES;
				CLANG_WARN_BOOL_CONVERSION = YES;
				CLANG_WARN_CONSTANT_CONVERSION = YES;
				CLANG_WARN_DIRECT_OBJC_ISA_USAGE = YES_ERROR;
				CLANG_WARN_EMPTY_BODY = YES;
				CLANG_WARN_ENUM_CONVERSION = YES;
				CLANG_WARN_INT_CONVERSION = YES;
				CLANG_WARN_OBJC_ROOT_CLASS = YES_ERROR;
				CLANG_WARN_UNREACHABLE_CODE = YES;
				CLANG_WARN__DUPLICATE_METHOD_MATCH = YES;
				"CODE_SIGN_IDENTITY[sdk=iphoneos*]" = "iPhone Developer";
				COPY_PHASE_STRIP = NO;
				ENABLE_STRICT_OBJC_MSGSEND = YES;
				ENABLE_TESTABILITY = YES;
				GCC_C_LANGUAGE_STANDARD = gnu99;
				GCC_DYNAMIC_NO_PIC = NO;
				GCC_OPTIMIZATION_LEVEL = 0;
				GCC_PREPROCESSOR_DEFINITIONS = (
					"DEBUG=1",
					"$(inherited)",
				);
				GCC_SYMBOLS_PRIVATE_EXTERN = NO;
				GCC_WARN_64_TO_32_BIT_CONVERSION = YES;
				GCC_WARN_ABOUT_RETURN_TYPE = YES_ERROR;
				GCC_WARN_UNDECLARED_SELECTOR = YES;
				GCC_WARN_UNINITIALIZED_AUTOS = YES_AGGRESSIVE;
				GCC_WARN_UNUSED_FUNCTION = YES;
				GCC_WARN_UNUSED_VARIABLE = YES;
				IPHONEOS_DEPLOYMENT_TARGET = 8.0;
				METAL_ENABLE_DEBUG_INFO = YES;
				ONLY_ACTIVE_ARCH = YES;
				SDKROOT = iphoneos;
				SWIFT_OPTIMIZATION_LEVEL = "-Onone";
				TARGETED_DEVICE_FAMILY = "1,2";
			};
			name = Debug;
		};
		D03A206A194C90B500671A50 /* Release */ = {
			isa = XCBuildConfiguration;
			buildSettings = {
				ALWAYS_SEARCH_USER_PATHS = NO;
				CLANG_CXX_LANGUAGE_STANDARD = "gnu++0x";
				CLANG_CXX_LIBRARY = "libc++";
				CLANG_ENABLE_MODULES = YES;
				CLANG_ENABLE_OBJC_ARC = YES;
				CLANG_WARN_BOOL_CONVERSION = YES;
				CLANG_WARN_CONSTANT_CONVERSION = YES;
				CLANG_WARN_DIRECT_OBJC_ISA_USAGE = YES_ERROR;
				CLANG_WARN_EMPTY_BODY = YES;
				CLANG_WARN_ENUM_CONVERSION = YES;
				CLANG_WARN_INT_CONVERSION = YES;
				CLANG_WARN_OBJC_ROOT_CLASS = YES_ERROR;
				CLANG_WARN_UNREACHABLE_CODE = YES;
				CLANG_WARN__DUPLICATE_METHOD_MATCH = YES;
				"CODE_SIGN_IDENTITY[sdk=iphoneos*]" = "iPhone Developer";
				COPY_PHASE_STRIP = YES;
				ENABLE_NS_ASSERTIONS = NO;
				ENABLE_STRICT_OBJC_MSGSEND = YES;
				GCC_C_LANGUAGE_STANDARD = gnu99;
				GCC_WARN_64_TO_32_BIT_CONVERSION = YES;
				GCC_WARN_ABOUT_RETURN_TYPE = YES_ERROR;
				GCC_WARN_UNDECLARED_SELECTOR = YES;
				GCC_WARN_UNINITIALIZED_AUTOS = YES_AGGRESSIVE;
				GCC_WARN_UNUSED_FUNCTION = YES;
				GCC_WARN_UNUSED_VARIABLE = YES;
				IPHONEOS_DEPLOYMENT_TARGET = 8.0;
				METAL_ENABLE_DEBUG_INFO = NO;
				SDKROOT = iphoneos;
				TARGETED_DEVICE_FAMILY = "1,2";
				VALIDATE_PRODUCT = YES;
			};
			name = Release;
		};
		D03A206C194C90B500671A50 /* Debug */ = {
			isa = XCBuildConfiguration;
			buildSettings = {
				ASSETCATALOG_COMPILER_APPICON_NAME = AppIcon;
				ASSETCATALOG_COMPILER_LAUNCHIMAGE_NAME = LaunchImage;
				INFOPLIST_FILE = SwiftMorseCodeKeyboard/Info.plist;
				LD_RUNPATH_SEARCH_PATHS = "$(inherited) @executable_path/Frameworks";
				PRODUCT_BUNDLE_IDENTIFIER = "cz.petrzvonicek.${PRODUCT_NAME:rfc1034identifier}";
				PRODUCT_NAME = "$(TARGET_NAME)";
			};
			name = Debug;
		};
		D03A206D194C90B500671A50 /* Release */ = {
			isa = XCBuildConfiguration;
			buildSettings = {
				ASSETCATALOG_COMPILER_APPICON_NAME = AppIcon;
				ASSETCATALOG_COMPILER_LAUNCHIMAGE_NAME = LaunchImage;
				INFOPLIST_FILE = SwiftMorseCodeKeyboard/Info.plist;
				LD_RUNPATH_SEARCH_PATHS = "$(inherited) @executable_path/Frameworks";
				PRODUCT_BUNDLE_IDENTIFIER = "cz.petrzvonicek.${PRODUCT_NAME:rfc1034identifier}";
				PRODUCT_NAME = "$(TARGET_NAME)";
			};
			name = Release;
		};
		D03A206F194C90B500671A50 /* Debug */ = {
			isa = XCBuildConfiguration;
			buildSettings = {
				BUNDLE_LOADER = "$(BUILT_PRODUCTS_DIR)/SwiftMorseCodeKeyboard.app/SwiftMorseCodeKeyboard";
				FRAMEWORK_SEARCH_PATHS = (
					"$(SDKROOT)/Developer/Library/Frameworks",
					"$(inherited)",
				);
				GCC_PREPROCESSOR_DEFINITIONS = (
					"DEBUG=1",
					"$(inherited)",
				);
				INFOPLIST_FILE = SwiftMorseCodeKeyboardTests/Info.plist;
				LD_RUNPATH_SEARCH_PATHS = "$(inherited) @executable_path/Frameworks @loader_path/Frameworks";
				METAL_ENABLE_DEBUG_INFO = YES;
				PRODUCT_BUNDLE_IDENTIFIER = "cz.petrzvonicek.${PRODUCT_NAME:rfc1034identifier}";
				PRODUCT_NAME = "$(TARGET_NAME)";
				TEST_HOST = "$(BUNDLE_LOADER)";
			};
			name = Debug;
		};
		D03A2070194C90B500671A50 /* Release */ = {
			isa = XCBuildConfiguration;
			buildSettings = {
				BUNDLE_LOADER = "$(BUILT_PRODUCTS_DIR)/SwiftMorseCodeKeyboard.app/SwiftMorseCodeKeyboard";
				FRAMEWORK_SEARCH_PATHS = (
					"$(SDKROOT)/Developer/Library/Frameworks",
					"$(inherited)",
				);
				INFOPLIST_FILE = SwiftMorseCodeKeyboardTests/Info.plist;
				LD_RUNPATH_SEARCH_PATHS = "$(inherited) @executable_path/Frameworks @loader_path/Frameworks";
				METAL_ENABLE_DEBUG_INFO = NO;
				PRODUCT_BUNDLE_IDENTIFIER = "cz.petrzvonicek.${PRODUCT_NAME:rfc1034identifier}";
				PRODUCT_NAME = "$(TARGET_NAME)";
				TEST_HOST = "$(BUNDLE_LOADER)";
			};
			name = Release;
		};
		D03A2081194C90F600671A50 /* Debug */ = {
			isa = XCBuildConfiguration;
			buildSettings = {
				GCC_PREPROCESSOR_DEFINITIONS = (
					"DEBUG=1",
					"$(inherited)",
				);
				INFOPLIST_FILE = "Morse Code Keyboard/Info.plist";
				LD_RUNPATH_SEARCH_PATHS = "$(inherited) @executable_path/Frameworks @executable_path/../../Frameworks";
				METAL_ENABLE_DEBUG_INFO = YES;
				PRODUCT_BUNDLE_IDENTIFIER = "$(PRODUCT_NAME)";
				PRODUCT_NAME = "cz.petrzvonicek.SwiftMorseCodeKeyboard.$(TARGET_NAME:rfc1034identifier)";
				SKIP_INSTALL = YES;
			};
			name = Debug;
		};
		D03A2082194C90F600671A50 /* Release */ = {
			isa = XCBuildConfiguration;
			buildSettings = {
				INFOPLIST_FILE = "Morse Code Keyboard/Info.plist";
				LD_RUNPATH_SEARCH_PATHS = "$(inherited) @executable_path/Frameworks @executable_path/../../Frameworks";
				METAL_ENABLE_DEBUG_INFO = NO;
				PRODUCT_BUNDLE_IDENTIFIER = "$(PRODUCT_NAME)";
				PRODUCT_NAME = "cz.petrzvonicek.SwiftMorseCodeKeyboard.$(TARGET_NAME:rfc1034identifier)";
				SKIP_INSTALL = YES;
			};
			name = Release;
		};
/* End XCBuildConfiguration section */

/* Begin XCConfigurationList section */
		D03A204A194C90B400671A50 /* Build configuration list for PBXProject "SwiftMorseCodeKeyboard" */ = {
			isa = XCConfigurationList;
			buildConfigurations = (
				D03A2069194C90B500671A50 /* Debug */,
				D03A206A194C90B500671A50 /* Release */,
			);
			defaultConfigurationIsVisible = 0;
			defaultConfigurationName = Release;
		};
		D03A206B194C90B500671A50 /* Build configuration list for PBXNativeTarget "SwiftMorseCodeKeyboard" */ = {
			isa = XCConfigurationList;
			buildConfigurations = (
				D03A206C194C90B500671A50 /* Debug */,
				D03A206D194C90B500671A50 /* Release */,
			);
			defaultConfigurationIsVisible = 0;
			defaultConfigurationName = Release;
		};
		D03A206E194C90B500671A50 /* Build configuration list for PBXNativeTarget "SwiftMorseCodeKeyboardTests" */ = {
			isa = XCConfigurationList;
			buildConfigurations = (
				D03A206F194C90B500671A50 /* Debug */,
				D03A2070194C90B500671A50 /* Release */,
			);
			defaultConfigurationIsVisible = 0;
			defaultConfigurationName = Release;
		};
		D03A2080194C90F600671A50 /* Build configuration list for PBXNativeTarget "Morse Code Keyboard" */ = {
			isa = XCConfigurationList;
			buildConfigurations = (
				D03A2081194C90F600671A50 /* Debug */,
				D03A2082194C90F600671A50 /* Release */,
			);
			defaultConfigurationIsVisible = 0;
			defaultConfigurationName = Release;
		};
/* End XCConfigurationList section */
	};
	rootObject = D03A2047194C90B400671A50 /* Project object */;
}
